
Microsoft Visual Studio Solution File, Format Version 12.00
# Visual Studio Version 16
VisualStudioVersion = 16.0.28705.295
MinimumVisualStudioVersion = 10.0.40219.1
Project("{FAE04EC0-301F-11D3-BF4B-00C04F79EFBC}") = "SOUT.Config", "SOUT.Config\SOUT.Config.csproj", "{28B8785C-A360-4F6F-9488-9788D4C7B5DA}"
EndProject
Project("{9A19103F-16F7-4668-BE54-9A1E7A4F7556}") = "SOUT.DataAccess", "SOUT.DataAccess\SOUT.DataAccess.csproj", "{4B015160-0037-4F05-8CBE-7DEC7669CE2F}"
EndProject
Project("{9A19103F-16F7-4668-BE54-9A1E7A4F7556}") = "SOUT.Models", "SOUT.Models\SOUT.Models.csproj", "{97FC18FC-348D-4277-BEBA-3BB9FD20575B}"
EndProject
Project("{9A19103F-16F7-4668-BE54-9A1E7A4F7556}") = "SOUT.BusinessLogic", "SOUT.BusinessLogic\SOUT.BusinessLogic.csproj", "{203DB0BE-59A8-422E-A81E-01A47D271F9F}"
EndProject
Global
	GlobalSection(SolutionConfigurationPlatforms) = preSolution
		Debug|Any CPU = Debug|Any CPU
		Release|Any CPU = Release|Any CPU
	EndGlobalSection
	GlobalSection(ProjectConfigurationPlatforms) = postSolution
		{28B8785C-A360-4F6F-9488-9788D4C7B5DA}.Debug|Any CPU.ActiveCfg = Debug|Any CPU
		{28B8785C-A360-4F6F-9488-9788D4C7B5DA}.Debug|Any CPU.Build.0 = Debug|Any CPU
		{28B8785C-A360-4F6F-9488-9788D4C7B5DA}.Release|Any CPU.ActiveCfg = Release|Any CPU
		{28B8785C-A360-4F6F-9488-9788D4C7B5DA}.Release|Any CPU.Build.0 = Release|Any CPU
		{4B015160-0037-4F05-8CBE-7DEC7669CE2F}.Debug|Any CPU.ActiveCfg = Debug|Any CPU
		{4B015160-0037-4F05-8CBE-7DEC7669CE2F}.Debug|Any CPU.Build.0 = Debug|Any CPU
		{4B015160-0037-4F05-8CBE-7DEC7669CE2F}.Release|Any CPU.ActiveCfg = Release|Any CPU
		{4B015160-0037-4F05-8CBE-7DEC7669CE2F}.Release|Any CPU.Build.0 = Release|Any CPU
		{97FC18FC-348D-4277-BEBA-3BB9FD20575B}.Debug|Any CPU.ActiveCfg = Debug|Any CPU
		{97FC18FC-348D-4277-BEBA-3BB9FD20575B}.Debug|Any CPU.Build.0 = Debug|Any CPU
		{97FC18FC-348D-4277-BEBA-3BB9FD20575B}.Release|Any CPU.ActiveCfg = Release|Any CPU
		{97FC18FC-348D-4277-BEBA-3BB9FD20575B}.Release|Any CPU.Build.0 = Release|Any CPU
		{203DB0BE-59A8-422E-A81E-01A47D271F9F}.Debug|Any CPU.ActiveCfg = Debug|Any CPU
		{203DB0BE-59A8-422E-A81E-01A47D271F9F}.Debug|Any CPU.Build.0 = Debug|Any CPU
		{203DB0BE-59A8-422E-A81E-01A47D271F9F}.Release|Any CPU.ActiveCfg = Release|Any CPU
		{203DB0BE-59A8-422E-A81E-01A47D271F9F}.Release|Any CPU.Build.0 = Release|Any CPU
	EndGlobalSection
	GlobalSection(SolutionProperties) = preSolution
		HideSolutionNode = FALSE
	EndGlobalSection
	GlobalSection(ExtensibilityGlobals) = postSolution
		SolutionGuid = {254398FE-DAEF-483A-B6FB-6B39B00ECB40}
	EndGlobalSection
EndGlobal
